Microsoft Visual Studio Solution File, Format Version 12.00
# Visual Studio Version 17
VisualStudioVersion = 17.5.2.0
MinimumVisualStudioVersion = 10.0.40219.1
Project("{2150E333-8FDC-42A3-9474-1A3956D46DE8}") = "backend", "backend", "{1AE8ACA6-933B-BF2A-3671-3E2EAC007D16}"
EndProject
Project("{FAE04EC0-301F-11D3-BF4B-00C04F79EFBC}") = "UtilityDashboard.Api", "backend\UtilityDashboard.Api\UtilityDashboard.Api.csproj", "{26C14254-8378-F3B6-7108-955936E244B3}"
EndProject
Project("{FAE04EC0-301F-11D3-BF4B-00C04F79EFBC}") = "UtilityDashboard.Tests", "backend\UtilityDashboard.Tests\UtilityDashboard.Tests.csproj", "{9D1466D9-560C-4BF5-B1C4-597475912434}"
EndProject
Global
	GlobalSection(SolutionConfigurationPlatforms) = preSolution
		Debug|Any CPU = Debug|Any CPU
		Release|Any CPU = Release|Any CPU
	EndGlobalSection
	GlobalSection(ProjectConfigurationPlatforms) = postSolution
		{26C14254-8378-F3B6-7108-955936E244B3}.Debug|Any CPU.ActiveCfg = Debug|Any CPU
		{26C14254-8378-F3B6-7108-955936E244B3}.Debug|Any CPU.Build.0 = Debug|Any CPU
		{26C14254-8378-F3B6-7108-955936E244B3}.Release|Any CPU.ActiveCfg = Release|Any CPU
		{26C14254-8378-F3B6-7108-955936E244B3}.Release|Any CPU.Build.0 = Release|Any CPU
		{9D1466D9-560C-4BF5-B1C4-597475912434}.Debug|Any CPU.ActiveCfg = Debug|Any CPU
		{9D1466D9-560C-4BF5-B1C4-597475912434}.Debug|Any CPU.Build.0 = Debug|Any CPU
		{9D1466D9-560C-4BF5-B1C4-597475912434}.Release|Any CPU.ActiveCfg = Release|Any CPU
		{9D1466D9-560C-4BF5-B1C4-597475912434}.Release|Any CPU.Build.0 = Release|Any CPU
	EndGlobalSection
	GlobalSection(SolutionProperties) = preSolution
		HideSolutionNode = FALSE
	EndGlobalSection
	GlobalSection(NestedProjects) = preSolution
		{26C14254-8378-F3B6-7108-955936E244B3} = {1AE8ACA6-933B-BF2A-3671-3E2EAC007D16}
		{9D1466D9-560C-4BF5-B1C4-597475912434} = {1AE8ACA6-933B-BF2A-3671-3E2EAC007D16}
	EndGlobalSection
	GlobalSection(ExtensibilityGlobals) = postSolution
		SolutionGuid = {24D6CCD5-931D-4448-A19C-2B6EFF5B5C31}
	EndGlobalSection
EndGlobal
